
Microsoft Visual Studio Solution File, Format Version 12.00
# Visual Studio Version 16
VisualStudioVersion = 16.0.31729.503
MinimumVisualStudioVersion = 10.0.40219.1
Project("{2150E333-8FDC-42A3-9474-1A3956D46DE8}") = "Presentation", "Presentation", "{08F9C96B-2EEF-4604-8C35-23E1681C99FB}"
EndProject
Project("{2150E333-8FDC-42A3-9474-1A3956D46DE8}") = "Data", "Data", "{A95B73FD-4F13-4703-A81D-D89FBAE5FB97}"
EndProject
Project("{2150E333-8FDC-42A3-9474-1A3956D46DE8}") = "Shared", "Shared", "{ED2851B8-5876-40AA-BC48-D7DECFAA8438}"
EndProject
Project("{FAE04EC0-301F-11D3-BF4B-00C04F79EFBC}") = "TrainingApp.MVC.Data", "TrainingApp.MVC.Data\TrainingApp.MVC.Data.csproj", "{115DDE7F-89C0-4E55-8A19-B7061F7FCEB1}"
EndProject
Project("{FAE04EC0-301F-11D3-BF4B-00C04F79EFBC}") = "TrainingApp.MVC.Entities", "TrainingApp.MVC.Entities\TrainingApp.MVC.Entities.csproj", "{022D196A-22B2-4856-9939-78EAD299AFB6}"
EndProject
Project("{FAE04EC0-301F-11D3-BF4B-00C04F79EFBC}") = "TrainingApp.MVC.Framework", "TrainingApp.MVC.Framework\TrainingApp.MVC.Framework.csproj", "{3617839E-9794-43D3-BDD2-6AF3C5B0BA88}"
EndProject
Project("{FAE04EC0-301F-11D3-BF4B-00C04F79EFBC}") = "TrainingApp.MVC.DTO", "TrainingApp.MVC.DTO\TrainingApp.MVC.DTO.csproj", "{67071966-A220-47FA-AFD0-566736EEBC55}"
EndProject
Project("{FAE04EC0-301F-11D3-BF4B-00C04F79EFBC}") = "TrainingApp.MVC.ViewModel", "TrainingApp.MVC.ViewModel\TrainingApp.MVC.ViewModel.csproj", "{0255A4E6-27DE-47CF-9EBD-AC0209DE738D}"
EndProject
Project("{FAE04EC0-301F-11D3-BF4B-00C04F79EFBC}") = "TrainingApp.MVC.UI.Process", "TrainingApp.MVC.UI.Process\TrainingApp.MVC.UI.Process.csproj", "{DD69347D-1A3E-4A07-9FD5-62299F31F050}"
EndProject
Project("{FAE04EC0-301F-11D3-BF4B-00C04F79EFBC}") = "TrainingApp.MVC.UI.Web", "TrainingApp.MVC.UI.Web\TrainingApp.MVC.UI.Web.csproj", "{E341311A-0B70-4B6D-BCBA-077C305C006B}"
EndProject
Project("{2150E333-8FDC-42A3-9474-1A3956D46DE8}") = "Services", "Services", "{65722187-7A11-4078-9783-2F441049FF6E}"
EndProject
Project("{FAE04EC0-301F-11D3-BF4B-00C04F79EFBC}") = "TrainingApp.MVC.WebApi", "TrainingApp.MVC.WebApi\TrainingApp.MVC.WebApi.csproj", "{4B606131-E92A-40B2-A4D9-25B9B49BBC25}"
EndProject
Project("{2150E333-8FDC-42A3-9474-1A3956D46DE8}") = "Business", "Business", "{251E5FA0-8F26-4235-A1CE-CA1D0A09F049}"
EndProject
Project("{FAE04EC0-301F-11D3-BF4B-00C04F79EFBC}") = "TrainingApp.MVC.Business", "TrainingApp.MVC.Business\TrainingApp.MVC.Business.csproj", "{7899E64C-45BC-4015-8451-901261D8158D}"
EndProject
Global
	GlobalSection(SolutionConfigurationPlatforms) = preSolution
		Debug|Any CPU = Debug|Any CPU
		Release|Any CPU = Release|Any CPU
	EndGlobalSection
	GlobalSection(ProjectConfigurationPlatforms) = postSolution
		{115DDE7F-89C0-4E55-8A19-B7061F7FCEB1}.Debug|Any CPU.ActiveCfg = Debug|Any CPU
		{115DDE7F-89C0-4E55-8A19-B7061F7FCEB1}.Debug|Any CPU.Build.0 = Debug|Any CPU
		{115DDE7F-89C0-4E55-8A19-B7061F7FCEB1}.Release|Any CPU.ActiveCfg = Release|Any CPU
		{115DDE7F-89C0-4E55-8A19-B7061F7FCEB1}.Release|Any CPU.Build.0 = Release|Any CPU
		{022D196A-22B2-4856-9939-78EAD299AFB6}.Debug|Any CPU.ActiveCfg = Debug|Any CPU
		{022D196A-22B2-4856-9939-78EAD299AFB6}.Debug|Any CPU.Build.0 = Debug|Any CPU
		{022D196A-22B2-4856-9939-78EAD299AFB6}.Release|Any CPU.ActiveCfg = Release|Any CPU
		{022D196A-22B2-4856-9939-78EAD299AFB6}.Release|Any CPU.Build.0 = Release|Any CPU
		{3617839E-9794-43D3-BDD2-6AF3C5B0BA88}.Debug|Any CPU.ActiveCfg = Debug|Any CPU
		{3617839E-9794-43D3-BDD2-6AF3C5B0BA88}.Debug|Any CPU.Build.0 = Debug|Any CPU
		{3617839E-9794-43D3-BDD2-6AF3C5B0BA88}.Release|Any CPU.ActiveCfg = Release|Any CPU
		{3617839E-9794-43D3-BDD2-6AF3C5B0BA88}.Release|Any CPU.Build.0 = Release|Any CPU
		{67071966-A220-47FA-AFD0-566736EEBC55}.Debug|Any CPU.ActiveCfg = Debug|Any CPU
		{67071966-A220-47FA-AFD0-566736EEBC55}.Debug|Any CPU.Build.0 = Debug|Any CPU
		{67071966-A220-47FA-AFD0-566736EEBC55}.Release|Any CPU.ActiveCfg = Release|Any CPU
		{67071966-A220-47FA-AFD0-566736EEBC55}.Release|Any CPU.Build.0 = Release|Any CPU
		{0255A4E6-27DE-47CF-9EBD-AC0209DE738D}.Debug|Any CPU.ActiveCfg = Debug|Any CPU
		{0255A4E6-27DE-47CF-9EBD-AC0209DE738D}.Debug|Any CPU.Build.0 = Debug|Any CPU
		{0255A4E6-27DE-47CF-9EBD-AC0209DE738D}.Release|Any CPU.ActiveCfg = Release|Any CPU
		{0255A4E6-27DE-47CF-9EBD-AC0209DE738D}.Release|Any CPU.Build.0 = Release|Any CPU
		{DD69347D-1A3E-4A07-9FD5-62299F31F050}.Debug|Any CPU.ActiveCfg = Debug|Any CPU
		{DD69347D-1A3E-4A07-9FD5-62299F31F050}.Debug|Any CPU.Build.0 = Debug|Any CPU
		{DD69347D-1A3E-4A07-9FD5-62299F31F050}.Release|Any CPU.ActiveCfg = Release|Any CPU
		{DD69347D-1A3E-4A07-9FD5-62299F31F050}.Release|Any CPU.Build.0 = Release|Any CPU
		{E341311A-0B70-4B6D-BCBA-077C305C006B}.Debug|Any CPU.ActiveCfg = Debug|Any CPU
		{E341311A-0B70-4B6D-BCBA-077C305C006B}.Debug|Any CPU.Build.0 = Debug|Any CPU
		{E341311A-0B70-4B6D-BCBA-077C305C006B}.Release|Any CPU.ActiveCfg = Release|Any CPU
		{E341311A-0B70-4B6D-BCBA-077C305C006B}.Release|Any CPU.Build.0 = Release|Any CPU
		{4B606131-E92A-40B2-A4D9-25B9B49BBC25}.Debug|Any CPU.ActiveCfg = Debug|Any CPU
		{4B606131-E92A-40B2-A4D9-25B9B49BBC25}.Debug|Any CPU.Build.0 = Debug|Any CPU
		{4B606131-E92A-40B2-A4D9-25B9B49BBC25}.Release|Any CPU.ActiveCfg = Release|Any CPU
		{4B606131-E92A-40B2-A4D9-25B9B49BBC25}.Release|Any CPU.Build.0 = Release|Any CPU
		{7899E64C-45BC-4015-8451-901261D8158D}.Debug|Any CPU.ActiveCfg = Debug|Any CPU
		{7899E64C-45BC-4015-8451-901261D8158D}.Debug|Any CPU.Build.0 = Debug|Any CPU
		{7899E64C-45BC-4015-8451-901261D8158D}.Release|Any CPU.ActiveCfg = Release|Any CPU
		{7899E64C-45BC-4015-8451-901261D8158D}.Release|Any CPU.Build.0 = Release|Any CPU
	EndGlobalSection
	GlobalSection(SolutionProperties) = preSolution
		HideSolutionNode = FALSE
	EndGlobalSection
	GlobalSection(NestedProjects) = preSolution
		{115DDE7F-89C0-4E55-8A19-B7061F7FCEB1} = {A95B73FD-4F13-4703-A81D-D89FBAE5FB97}
		{022D196A-22B2-4856-9939-78EAD299AFB6} = {ED2851B8-5876-40AA-BC48-D7DECFAA8438}
		{3617839E-9794-43D3-BDD2-6AF3C5B0BA88} = {ED2851B8-5876-40AA-BC48-D7DECFAA8438}
		{67071966-A220-47FA-AFD0-566736EEBC55} = {ED2851B8-5876-40AA-BC48-D7DECFAA8438}
		{0255A4E6-27DE-47CF-9EBD-AC0209DE738D} = {08F9C96B-2EEF-4604-8C35-23E1681C99FB}
		{DD69347D-1A3E-4A07-9FD5-62299F31F050} = {08F9C96B-2EEF-4604-8C35-23E1681C99FB}
		{E341311A-0B70-4B6D-BCBA-077C305C006B} = {08F9C96B-2EEF-4604-8C35-23E1681C99FB}
		{4B606131-E92A-40B2-A4D9-25B9B49BBC25} = {65722187-7A11-4078-9783-2F441049FF6E}
		{7899E64C-45BC-4015-8451-901261D8158D} = {251E5FA0-8F26-4235-A1CE-CA1D0A09F049}
	EndGlobalSection
	GlobalSection(ExtensibilityGlobals) = postSolution
		SolutionGuid = {C17A9200-EF41-4121-99D6-DBD0EE03C0F2}
	EndGlobalSection
EndGlobal
